
Microsoft Visual Studio Solution File, Format Version 11.00
# Visual Studio 2010
Project("{FAE04EC0-301F-11D3-BF4B-00C04F79EFBC}") = "Monop.Console", "Monop.Console.csproj", "{1E20EF14-6EFC-4EDA-8030-7076DA951E26}"
EndProject
Project("{FAE04EC0-301F-11D3-BF4B-00C04F79EFBC}") = "Monop.GameLogic", "..\Monop.GameLogic\Monop.GameLogic.csproj", "{535039E8-BF20-47D1-A5D6-1789B48142BB}"
EndProject
Global
	GlobalSection(SolutionConfigurationPlatforms) = preSolution
		Debug|Any CPU = Debug|Any CPU
		Debug|Mixed Platforms = Debug|Mixed Platforms
		Debug|x86 = Debug|x86
		Release|Any CPU = Release|Any CPU
		Release|Mixed Platforms = Release|Mixed Platforms
		Release|x86 = Release|x86
	EndGlobalSection
	GlobalSection(ProjectConfigurationPlatforms) = postSolution
		{1E20EF14-6EFC-4EDA-8030-7076DA951E26}.Debug|Any CPU.ActiveCfg = Debug|x86
		{1E20EF14-6EFC-4EDA-8030-7076DA951E26}.Debug|Mixed Platforms.ActiveCfg = Debug|x86
		{1E20EF14-6EFC-4EDA-8030-7076DA951E26}.Debug|Mixed Platforms.Build.0 = Debug|x86
		{1E20EF14-6EFC-4EDA-8030-7076DA951E26}.Debug|x86.ActiveCfg = Debug|x86
		{1E20EF14-6EFC-4EDA-8030-7076DA951E26}.Debug|x86.Build.0 = Debug|x86
		{1E20EF14-6EFC-4EDA-8030-7076DA951E26}.Release|Any CPU.ActiveCfg = Release|x86
		{1E20EF14-6EFC-4EDA-8030-7076DA951E26}.Release|Mixed Platforms.ActiveCfg = Release|x86
		{1E20EF14-6EFC-4EDA-8030-7076DA951E26}.Release|Mixed Platforms.Build.0 = Release|x86
		{1E20EF14-6EFC-4EDA-8030-7076DA951E26}.Release|x86.ActiveCfg = Release|x86
		{1E20EF14-6EFC-4EDA-8030-7076DA951E26}.Release|x86.Build.0 = Release|x86
		{535039E8-BF20-47D1-A5D6-1789B48142BB}.Debug|Any CPU.ActiveCfg = Debug|Any CPU
		{535039E8-BF20-47D1-A5D6-1789B48142BB}.Debug|Any CPU.Build.0 = Debug|Any CPU
		{535039E8-BF20-47D1-A5D6-1789B48142BB}.Debug|Mixed Platforms.ActiveCfg = Debug|Any CPU
		{535039E8-BF20-47D1-A5D6-1789B48142BB}.Debug|Mixed Platforms.Build.0 = Debug|Any CPU
		{535039E8-BF20-47D1-A5D6-1789B48142BB}.Debug|x86.ActiveCfg = Debug|Any CPU
		{535039E8-BF20-47D1-A5D6-1789B48142BB}.Release|Any CPU.ActiveCfg = Release|Any CPU
		{535039E8-BF20-47D1-A5D6-1789B48142BB}.Release|Any CPU.Build.0 = Release|Any CPU
		{535039E8-BF20-47D1-A5D6-1789B48142BB}.Release|Mixed Platforms.ActiveCfg = Release|Any CPU
		{535039E8-BF20-47D1-A5D6-1789B48142BB}.Release|Mixed Platforms.Build.0 = Release|Any CPU
		{535039E8-BF20-47D1-A5D6-1789B48142BB}.Release|x86.ActiveCfg = Release|Any CPU
	EndGlobalSection
	GlobalSection(SolutionProperties) = preSolution
		HideSolutionNode = FALSE
	EndGlobalSection
EndGlobal
